
Microsoft Visual Studio Solution File, Format Version 12.00
# Visual Studio 15
VisualStudioVersion = 15.0.28307.1062
MinimumVisualStudioVersion = 10.0.40219.1
Project("{8BC9CEB8-8B4A-11D0-8D11-00A0C91BC942}") = "员工信息管理系统", "员工信息管理系统\员工信息管理系统.vcxproj", "{1A063BAF-191D-419C-A1BA-2443B6D7BC37}"
EndProject
Global
	GlobalSection(SolutionConfigurationPlatforms) = preSolution
		Debug|x64 = Debug|x64
		Debug|x86 = Debug|x86
		Release|x64 = Release|x64
		Release|x86 = Release|x86
	EndGlobalSection
	GlobalSection(ProjectConfigurationPlatforms) = postSolution
		{1A063BAF-191D-419C-A1BA-2443B6D7BC37}.Debug|x64.ActiveCfg = Debug|x64
		{1A063BAF-191D-419C-A1BA-2443B6D7BC37}.Debug|x64.Build.0 = Debug|x64
		{1A063BAF-191D-419C-A1BA-2443B6D7BC37}.Debug|x86.ActiveCfg = Debug|Win32
		{1A063BAF-191D-419C-A1BA-2443B6D7BC37}.Debug|x86.Build.0 = Debug|Win32
		{1A063BAF-191D-419C-A1BA-2443B6D7BC37}.Release|x64.ActiveCfg = Release|x64
		{1A063BAF-191D-419C-A1BA-2443B6D7BC37}.Release|x64.Build.0 = Release|x64
		{1A063BAF-191D-419C-A1BA-2443B6D7BC37}.Release|x86.ActiveCfg = Release|Win32
		{1A063BAF-191D-419C-A1BA-2443B6D7BC37}.Release|x86.Build.0 = Release|Win32
	EndGlobalSection
	GlobalSection(SolutionProperties) = preSolution
		HideSolutionNode = FALSE
	EndGlobalSection
	GlobalSection(ExtensibilityGlobals) = postSolution
		SolutionGuid = {031E2504-B164-470E-89CD-15A2E9BB4612}
	EndGlobalSection
EndGlobal
